// !$*UTF8*$!
{
	archiveVersion = 1;
	classes = {
	};
	objectVersion = 48;
	objects = {

/* Begin PBXBuildFile section */
		3D7505CCECDB7A1EE388FACD /* libPods-PictureStudio.a in Frameworks */ = {isa = PBXBuildFile; fileRef = D552EC3AE84972F5EBFA1999 /* libPods-PictureStudio.a */; };
		700E324B20A1C779007A23E0 /* teamWeiboInfo.plist in Resources */ = {isa = PBXBuildFile; fileRef = 700E324A20A1C779007A23E0 /* teamWeiboInfo.plist */; };
		700E324F20A1C8A0007A23E0 /* AboutViewTableViewCell.m in Sources */ = {isa = PBXBuildFile; fileRef = 700E324C20A1C89F007A23E0 /* AboutViewTableViewCell.m */; };
		700E325020A1C8A0007A23E0 /* AboutViewTableViewCell.xib in Resources */ = {isa = PBXBuildFile; fileRef = 700E324D20A1C8A0007A23E0 /* AboutViewTableViewCell.xib */; };
		700E325420A1E464007A23E0 /* WeiboTableViewCell.xib in Resources */ = {isa = PBXBuildFile; fileRef = 700E325220A1E464007A23E0 /* WeiboTableViewCell.xib */; };
		700E325520A1E464007A23E0 /* WeiboTableViewCell.m in Sources */ = {isa = PBXBuildFile; fileRef = 700E325320A1E464007A23E0 /* WeiboTableViewCell.m */; };
		702C5FBC20CACEEE00AA8CA5 /* StoreKit.framework in Frameworks */ = {isa = PBXBuildFile; fileRef = 702C5FBB20CACEEE00AA8CA5 /* StoreKit.framework */; };
		702C5FC020D15DF100AA8CA5 /* XDProgressView.m in Sources */ = {isa = PBXBuildFile; fileRef = 702C5FBF20D15DF000AA8CA5 /* XDProgressView.m */; };
		703FDEB4212C5FE1006218D0 /* UIColor+CustomColor.m in Sources */ = {isa = PBXBuildFile; fileRef = 703FDEB3212C5FE1006218D0 /* UIColor+CustomColor.m */; };
		703FDEB82132E3CB006218D0 /* AssetTitleButton.m in Sources */ = {isa = PBXBuildFile; fileRef = 703FDEB72132E3CB006218D0 /* AssetTitleButton.m */; };
		7042145B21343F7B0005AB2F /* AssetTableViewCell.m in Sources */ = {isa = PBXBuildFile; fileRef = 7042145A21343F7B0005AB2F /* AssetTableViewCell.m */; };
		7042145F21344D100005AB2F /* UIViewController+Extensions.m in Sources */ = {isa = PBXBuildFile; fileRef = 7042145E21344D100005AB2F /* UIViewController+Extensions.m */; };
		7042146121344FD10005AB2F /* ViewControllerExtensions.swift in Sources */ = {isa = PBXBuildFile; fileRef = 7042146021344FD10005AB2F /* ViewControllerExtensions.swift */; };
		7060808220BEF56A0045F49E /* HXPhoto3DTouchViewController.m in Sources */ = {isa = PBXBuildFile; fileRef = 7060808020BEF56A0045F49E /* HXPhoto3DTouchViewController.m */; };
		7060808420C58A2C0045F49E /* MessageUI.framework in Frameworks */ = {isa = PBXBuildFile; fileRef = 7060808320C58A2C0045F49E /* MessageUI.framework */; };
		70711C9621359B4E008A6121 /* AssetGroupViewController.m in Sources */ = {isa = PBXBuildFile; fileRef = 70711C9421359B4E008A6121 /* AssetGroupViewController.m */; };
		70711C9721359B4E008A6121 /* AssetGroupViewController.xib in Resources */ = {isa = PBXBuildFile; fileRef = 70711C9521359B4E008A6121 /* AssetGroupViewController.xib */; };
		70711C992135A0E2008A6121 /* AssetCollectionCell.xib in Resources */ = {isa = PBXBuildFile; fileRef = 70711C982135A0E2008A6121 /* AssetCollectionCell.xib */; };
		707DBA7A209EC4BF00F2FAFB /* SharePictureViewController.m in Sources */ = {isa = PBXBuildFile; fileRef = 707DBA78209EC4BE00F2FAFB /* SharePictureViewController.m */; };
		707DBA7C209EC52700F2FAFB /* Photos.framework in Frameworks */ = {isa = PBXBuildFile; fileRef = 707DBA7B209EC52700F2FAFB /* Photos.framework */; };
		707DBA7F209ED61100F2FAFB /* PhotoSaveBottomView.m in Sources */ = {isa = PBXBuildFile; fileRef = 707DBA7E209ED61100F2FAFB /* PhotoSaveBottomView.m */; };
		707DBA88209EDBAC00F2FAFB /* AboutViewController.m in Sources */ = {isa = PBXBuildFile; fileRef = 707DBA86209EDBAC00F2FAFB /* AboutViewController.m */; };
		707DBA89209EDBAC00F2FAFB /* AboutViewController.xib in Resources */ = {isa = PBXBuildFile; fileRef = 707DBA87209EDBAC00F2FAFB /* AboutViewController.xib */; };
		707DBA8D20A0A14100F2FAFB /* ShareBoardView.m in Sources */ = {isa = PBXBuildFile; fileRef = 707DBA8C20A0A14100F2FAFB /* ShareBoardView.m */; };
		708248A2204EC6FC000D60A3 /* LongPictureViewController.m in Sources */ = {isa = PBXBuildFile; fileRef = 708248A0204EC6FC000D60A3 /* LongPictureViewController.m */; };
		708248AE204ED48B000D60A3 /* FilePathUtils.m in Sources */ = {isa = PBXBuildFile; fileRef = 708248AD204ED48B000D60A3 /* FilePathUtils.m */; };
		708248BE206A9103000D60A3 /* HXPhotoModel.m in Sources */ = {isa = PBXBuildFile; fileRef = 708248BC206A9103000D60A3 /* HXPhotoModel.m */; };
		708248C3206A9153000D60A3 /* HXAlbumModel.m in Sources */ = {isa = PBXBuildFile; fileRef = 708248BF206A9152000D60A3 /* HXAlbumModel.m */; };
		708248C4206A9153000D60A3 /* HXPhotoTools.m in Sources */ = {isa = PBXBuildFile; fileRef = 708248C2206A9153000D60A3 /* HXPhotoTools.m */; };
		708248C7206A9182000D60A3 /* NSDate+HXExtension.m in Sources */ = {isa = PBXBuildFile; fileRef = 708248C6206A9182000D60A3 /* NSDate+HXExtension.m */; };
		708248CD206A94C8000D60A3 /* NSBundle+HXWeiboPhotoPicker.m in Sources */ = {isa = PBXBuildFile; fileRef = 708248CB206A94C8000D60A3 /* NSBundle+HXWeiboPhotoPicker.m */; };
		708248D0206A94E2000D60A3 /* UIFont+HXExtension.m in Sources */ = {isa = PBXBuildFile; fileRef = 708248CF206A94E2000D60A3 /* UIFont+HXExtension.m */; };
		708248D5206A959D000D60A3 /* HXPhotoConfiguration.m in Sources */ = {isa = PBXBuildFile; fileRef = 708248D4206A959D000D60A3 /* HXPhotoConfiguration.m */; };
		708248D8206A9884000D60A3 /* UIImage+HXExtension.m in Sources */ = {isa = PBXBuildFile; fileRef = 708248D6206A9884000D60A3 /* UIImage+HXExtension.m */; };
		708248F72078AFAF000D60A3 /* ImgCollectionViewCell.m in Sources */ = {isa = PBXBuildFile; fileRef = 708248F62078AFAF000D60A3 /* ImgCollectionViewCell.m */; };
		708248FA2078B3D7000D60A3 /* UIButton+Extension.m in Sources */ = {isa = PBXBuildFile; fileRef = 708248F92078B3D7000D60A3 /* UIButton+Extension.m */; };
		708248FD2078BD4C000D60A3 /* UIImageView+HXExtension.m in Sources */ = {isa = PBXBuildFile; fileRef = 708248FB2078BD4C000D60A3 /* UIImageView+HXExtension.m */; };
		708249002078E510000D60A3 /* PhotoEditButtomView.m in Sources */ = {isa = PBXBuildFile; fileRef = 708248FF2078E510000D60A3 /* PhotoEditButtomView.m */; };
		7082490320790E0E000D60A3 /* UIView+HXExtension.m in Sources */ = {isa = PBXBuildFile; fileRef = 7082490120790E0E000D60A3 /* UIView+HXExtension.m */; };
		7082490620790F92000D60A3 /* PhotoCollectionReusableView.m in Sources */ = {isa = PBXBuildFile; fileRef = 7082490520790F92000D60A3 /* PhotoCollectionReusableView.m */; };
		708811072099FDE1003A1CF4 /* CombinePicture.mm in Sources */ = {isa = PBXBuildFile; fileRef = 708811062099FDE1003A1CF4 /* CombinePicture.mm */; };
		70925B5C213578A800AE9373 /* AssetCollectionCell.m in Sources */ = {isa = PBXBuildFile; fileRef = 70925B5B213578A800AE9373 /* AssetCollectionCell.m */; };
		70B3080D20E27D6100FFF131 /* PhotoCutModel.m in Sources */ = {isa = PBXBuildFile; fileRef = 70B3080C20E27D6100FFF131 /* PhotoCutModel.m */; };
		70BD41DB212AFA9A00CA0941 /* RecentScrollView.m in Sources */ = {isa = PBXBuildFile; fileRef = 70BD41DA212AFA9A00CA0941 /* RecentScrollView.m */; };
		70C262FB207A72EF00F65EFD /* AHAssetGroupsView.m in Sources */ = {isa = PBXBuildFile; fileRef = 70C262F9207A72EF00F65EFD /* AHAssetGroupsView.m */; };
		70C262FC207A72EF00F65EFD /* AHAssetGroupCell.m in Sources */ = {isa = PBXBuildFile; fileRef = 70C262FA207A72EF00F65EFD /* AHAssetGroupCell.m */; };
		70C26300207A7C9100F65EFD /* AHAssetGroupCell.xib in Resources */ = {isa = PBXBuildFile; fileRef = 70C262FF207A7C9100F65EFD /* AHAssetGroupCell.xib */; };
		70C4DCB22107666D00857F65 /* ImageIOModel.m in Sources */ = {isa = PBXBuildFile; fileRef = 70C4DCB12107666C00857F65 /* ImageIOModel.m */; };
		70C5D18B207926A400FE5B9A /* AssetTitleView.m in Sources */ = {isa = PBXBuildFile; fileRef = 70C5D18A207926A400FE5B9A /* AssetTitleView.m */; };
		70D24BBD207FA9CA003430BA /* UINavigationBar+Color.m in Sources */ = {isa = PBXBuildFile; fileRef = 70D24BBC207FA9CA003430BA /* UINavigationBar+Color.m */; };
		9338E54F20A577A10059D58E /* PhotoPreviewController.m in Sources */ = {isa = PBXBuildFile; fileRef = 9338E54E20A577A10059D58E /* PhotoPreviewController.m */; };
		9338E55220A57A760059D58E /* PhotoPreviewCell.m in Sources */ = {isa = PBXBuildFile; fileRef = 9338E55120A57A760059D58E /* PhotoPreviewCell.m */; };
		93539C6E20808EFB00B7D29C /* libjpeg.a in Frameworks */ = {isa = PBXBuildFile; fileRef = 708248A9204ECD4C000D60A3 /* libjpeg.a */; };
		936FAC2B20200B9A00F80BCF /* AppDelegate.m in Sources */ = {isa = PBXBuildFile; fileRef = 936FAC2A20200B9A00F80BCF /* AppDelegate.m */; };
		936FAC2E20200B9A00F80BCF /* ViewController.m in Sources */ = {isa = PBXBuildFile; fileRef = 936FAC2D20200B9A00F80BCF /* ViewController.m */; };
		936FAC3120200B9A00F80BCF /* Main.storyboard in Resources */ = {isa = PBXBuildFile; fileRef = 936FAC2F20200B9A00F80BCF /* Main.storyboard */; };
		936FAC3320200B9A00F80BCF /* Assets.xcassets in Resources */ = {isa = PBXBuildFile; fileRef = 936FAC3220200B9A00F80BCF /* Assets.xcassets */; };
		936FAC3620200B9A00F80BCF /* LaunchScreen.storyboard in Resources */ = {isa = PBXBuildFile; fileRef = 936FAC3420200B9A00F80BCF /* LaunchScreen.storyboard */; };
		936FAC3920200B9A00F80BCF /* main.m in Sources */ = {isa = PBXBuildFile; fileRef = 936FAC3820200B9A00F80BCF /* main.m */; };
		936FAC4320200B9A00F80BCF /* PictureStudioTests.m in Sources */ = {isa = PBXBuildFile; fileRef = 936FAC4220200B9A00F80BCF /* PictureStudioTests.m */; };
		937F74332084879800F56AFD /* HXPhotoManager.m in Sources */ = {isa = PBXBuildFile; fileRef = 937F74322084879800F56AFD /* HXPhotoManager.m */; };
		937F743F20849DB200F56AFD /* opencv2.framework in Frameworks */ = {isa = PBXBuildFile; fileRef = 937F743E20849DB100F56AFD /* opencv2.framework */; };
		937F74452084A4CB00F56AFD /* CombineIndicatorView.m in Sources */ = {isa = PBXBuildFile; fileRef = 937F74442084A4CB00F56AFD /* CombineIndicatorView.m */; settings = {COMPILER_FLAGS = "-fno-objc-arc"; }; };
		9389461220B7E3DC00BC62DA /* InfoPlist.strings in Resources */ = {isa = PBXBuildFile; fileRef = 9389461420B7E3DC00BC62DA /* InfoPlist.strings */; };
		9389461820B7E4BB00BC62DA /* Localizable.strings in Resources */ = {isa = PBXBuildFile; fileRef = 9389461A20B7E4BB00BC62DA /* Localizable.strings */; };
		9399E82020D23D5400791E92 /* ToastView.m in Sources */ = {isa = PBXBuildFile; fileRef = 9399E81F20D23D5400791E92 /* ToastView.m */; };
		939F2703213FAD4B00718374 /* BaseNavigationController.m in Sources */ = {isa = PBXBuildFile; fileRef = 939F2702213FAD4B00718374 /* BaseNavigationController.m */; };
		939F2709213FBB2E00718374 /* BaseViewController.m in Sources */ = {isa = PBXBuildFile; fileRef = 939F2708213FBB2E00718374 /* BaseViewController.m */; };
		939F270E213FBF6600718374 /* CustomTransitionPushSimilarHepler.m in Sources */ = {isa = PBXBuildFile; fileRef = 939F270D213FBF6600718374 /* CustomTransitionPushSimilarHepler.m */; };
		939F2711213FCE9000718374 /* SwipeEdgeInteractionController.m in Sources */ = {isa = PBXBuildFile; fileRef = 939F2710213FCE9000718374 /* SwipeEdgeInteractionController.m */; };
		CA77FD7BEBFA8FC98070EEF6 /* libPods-PictureStudioTests.a in Frameworks */ = {isa = PBXBuildFile; fileRef = 0FBE47B7FBE857DD390CAF1A /* libPods-PictureStudioTests.a */; };
/* End PBXBuildFile section */

/* Begin PBXContainerItemProxy section */
		936FAC3F20200B9A00F80BCF /* PBXContainerItemProxy */ = {
			isa = PBXContainerItemProxy;
			containerPortal = 936FAC1E20200B9A00F80BCF /* Project object */;
			proxyType = 1;
			remoteGlobalIDString = 936FAC2520200B9A00F80BCF;
			remoteInfo = PictureStudio;
		};
/* End PBXContainerItemProxy section */

/* Begin PBXFileReference section */
		0FBE47B7FBE857DD390CAF1A /* libPods-PictureStudioTests.a */ = {isa = PBXFileReference; explicitFileType = archive.ar; includeInIndex = 0; path = "libPods-PictureStudioTests.a"; sourceTree = BUILT_PRODUCTS_DIR; };
		68AFF48AE0E9AFCEE83E38DA /* Pods-PictureStudioTests.debug.xcconfig */ = {isa = PBXFileReference; includeInIndex = 1; lastKnownFileType = text.xcconfig; name = "Pods-PictureStudioTests.debug.xcconfig"; path = "Pods/Target Support Files/Pods-PictureStudioTests/Pods-PictureStudioTests.debug.xcconfig"; sourceTree = "<group>"; };
		700E324A20A1C779007A23E0 /* teamWeiboInfo.plist */ = {isa = PBXFileReference; fileEncoding = 4; lastKnownFileType = text.plist.xml; path = teamWeiboInfo.plist; sourceTree = "<group>"; };
		700E324C20A1C89F007A23E0 /* AboutViewTableViewCell.m */ = {isa = PBXFileReference; fileEncoding = 4; lastKnownFileType = sourcecode.c.objc; name = AboutViewTableViewCell.m; path = PictureStudio/View/AboutViewTableViewCell.m; sourceTree = SOURCE_ROOT; };
		700E324D20A1C8A0007A23E0 /* AboutViewTableViewCell.xib */ = {isa = PBXFileReference; fileEncoding = 4; lastKnownFileType = file.xib; name = AboutViewTableViewCell.xib; path = ../View/AboutViewTableViewCell.xib; sourceTree = "<group>"; };
		700E324E20A1C8A0007A23E0 /* AboutViewTableViewCell.h */ = {isa = PBXFileReference; fileEncoding = 4; lastKnownFileType = sourcecode.c.h; name = AboutViewTableViewCell.h; path = PictureStudio/View/AboutViewTableViewCell.h; sourceTree = SOURCE_ROOT; };
		700E325120A1E464007A23E0 /* WeiboTableViewCell.h */ = {isa = PBXFileReference; fileEncoding = 4; lastKnownFileType = sourcecode.c.h; name = WeiboTableViewCell.h; path = PictureStudio/View/WeiboTableViewCell.h; sourceTree = SOURCE_ROOT; };
		700E325220A1E464007A23E0 /* WeiboTableViewCell.xib */ = {isa = PBXFileReference; fileEncoding = 4; lastKnownFileType = file.xib; name = WeiboTableViewCell.xib; path = PictureStudio/View/WeiboTableViewCell.xib; sourceTree = SOURCE_ROOT; };
		700E325320A1E464007A23E0 /* WeiboTableViewCell.m */ = {isa = PBXFileReference; fileEncoding = 4; lastKnownFileType = sourcecode.c.objc; name = WeiboTableViewCell.m; path = PictureStudio/View/WeiboTableViewCell.m; sourceTree = SOURCE_ROOT; };
		702C5FBB20CACEEE00AA8CA5 /* StoreKit.framework */ = {isa = PBXFileReference; lastKnownFileType = wrapper.framework; name = StoreKit.framework; path = System/Library/Frameworks/StoreKit.framework; sourceTree = SDKROOT; };
		702C5FBE20D15DF000AA8CA5 /* XDProgressView.h */ = {isa = PBXFileReference; lastKnownFileType = sourcecode.c.h; path = XDProgressView.h; sourceTree = "<group>"; };
		702C5FBF20D15DF000AA8CA5 /* XDProgressView.m */ = {isa = PBXFileReference; lastKnownFileType = sourcecode.c.objc; path = XDProgressView.m; sourceTree = "<group>"; };
		703FDEB2212C5FE1006218D0 /* UIColor+CustomColor.h */ = {isa = PBXFileReference; lastKnownFileType = sourcecode.c.h; path = "UIColor+CustomColor.h"; sourceTree = "<group>"; };
		703FDEB3212C5FE1006218D0 /* UIColor+CustomColor.m */ = {isa = PBXFileReference; lastKnownFileType = sourcecode.c.objc; path = "UIColor+CustomColor.m"; sourceTree = "<group>"; };
		703FDEB62132E3CB006218D0 /* AssetTitleButton.h */ = {isa = PBXFileReference; lastKnownFileType = sourcecode.c.h; name = AssetTitleButton.h; path = PictureStudio/View/AssetTitleButton.h; sourceTree = SOURCE_ROOT; };
		703FDEB72132E3CB006218D0 /* AssetTitleButton.m */ = {isa = PBXFileReference; lastKnownFileType = sourcecode.c.objc; name = AssetTitleButton.m; path = PictureStudio/View/AssetTitleButton.m; sourceTree = SOURCE_ROOT; };
		7042145921343F7B0005AB2F /* AssetTableViewCell.h */ = {isa = PBXFileReference; lastKnownFileType = sourcecode.c.h; name = AssetTableViewCell.h; path = PictureStudio/View/AssetTableViewCell.h; sourceTree = SOURCE_ROOT; };
		7042145A21343F7B0005AB2F /* AssetTableViewCell.m */ = {isa = PBXFileReference; lastKnownFileType = sourcecode.c.objc; name = AssetTableViewCell.m; path = PictureStudio/View/AssetTableViewCell.m; sourceTree = SOURCE_ROOT; };
		7042145D21344D100005AB2F /* UIViewController+Extensions.h */ = {isa = PBXFileReference; lastKnownFileType = sourcecode.c.h; name = "UIViewController+Extensions.h"; path = "PictureStudio/Category/UIViewController+Extensions.h"; sourceTree = SOURCE_ROOT; };
		7042145E21344D100005AB2F /* UIViewController+Extensions.m */ = {isa = PBXFileReference; lastKnownFileType = sourcecode.c.objc; name = "UIViewController+Extensions.m"; path = "PictureStudio/Category/UIViewController+Extensions.m"; sourceTree = SOURCE_ROOT; };
		7042146021344FD10005AB2F /* ViewControllerExtensions.swift */ = {isa = PBXFileReference; lastKnownFileType = sourcecode.swift; path = ViewControllerExtensions.swift; sourceTree = "<group>"; };
		7042146C213453290005AB2F /* PictureStudio_Bridging_Header.h */ = {isa = PBXFileReference; lastKnownFileType = sourcecode.c.h; path = PictureStudio_Bridging_Header.h; sourceTree = "<group>"; };
		7060808020BEF56A0045F49E /* HXPhoto3DTouchViewController.m */ = {isa = PBXFileReference; fileEncoding = 4; lastKnownFileType = sourcecode.c.objc; name = HXPhoto3DTouchViewController.m; path = PictureStudio/Controller/HXPhoto3DTouchViewController.m; sourceTree = SOURCE_ROOT; };
		7060808120BEF56A0045F49E /* HXPhoto3DTouchViewController.h */ = {isa = PBXFileReference; fileEncoding = 4; lastKnownFileType = sourcecode.c.h; name = HXPhoto3DTouchViewController.h; path = PictureStudio/Controller/HXPhoto3DTouchViewController.h; sourceTree = SOURCE_ROOT; };
		7060808320C58A2C0045F49E /* MessageUI.framework */ = {isa = PBXFileReference; lastKnownFileType = wrapper.framework; name = MessageUI.framework; path = System/Library/Frameworks/MessageUI.framework; sourceTree = SDKROOT; };
		70711C9321359B4E008A6121 /* AssetGroupViewController.h */ = {isa = PBXFileReference; lastKnownFileType = sourcecode.c.h; path = AssetGroupViewController.h; sourceTree = "<group>"; };
		70711C9421359B4E008A6121 /* AssetGroupViewController.m */ = {isa = PBXFileReference; lastKnownFileType = sourcecode.c.objc; path = AssetGroupViewController.m; sourceTree = "<group>"; };
		70711C9521359B4E008A6121 /* AssetGroupViewController.xib */ = {isa = PBXFileReference; lastKnownFileType = file.xib; path = AssetGroupViewController.xib; sourceTree = "<group>"; };
		70711C982135A0E2008A6121 /* AssetCollectionCell.xib */ = {isa = PBXFileReference; lastKnownFileType = file.xib; path = AssetCollectionCell.xib; sourceTree = "<group>"; };
		707DBA78209EC4BE00F2FAFB /* SharePictureViewController.m */ = {isa = PBXFileReference; fileEncoding = 4; lastKnownFileType = sourcecode.c.objc; name = SharePictureViewController.m; path = PictureStudio/Controller/SharePictureViewController.m; sourceTree = SOURCE_ROOT; };
		707DBA79209EC4BE00F2FAFB /* SharePictureViewController.h */ = {isa = PBXFileReference; fileEncoding = 4; lastKnownFileType = sourcecode.c.h; name = SharePictureViewController.h; path = PictureStudio/Controller/SharePictureViewController.h; sourceTree = SOURCE_ROOT; };
		707DBA7B209EC52700F2FAFB /* Photos.framework */ = {isa = PBXFileReference; lastKnownFileType = wrapper.framework; name = Photos.framework; path = System/Library/Frameworks/Photos.framework; sourceTree = SDKROOT; };
		707DBA7D209ED61100F2FAFB /* PhotoSaveBottomView.h */ = {isa = PBXFileReference; lastKnownFileType = sourcecode.c.h; path = PhotoSaveBottomView.h; sourceTree = "<group>"; };
		707DBA7E209ED61100F2FAFB /* PhotoSaveBottomView.m */ = {isa = PBXFileReference; lastKnownFileType = sourcecode.c.objc; path = PhotoSaveBottomView.m; sourceTree = "<group>"; };
		707DBA85209EDBAC00F2FAFB /* AboutViewController.h */ = {isa = PBXFileReference; lastKnownFileType = sourcecode.c.h; name = AboutViewController.h; path = PictureStudio/Controller/AboutViewController.h; sourceTree = SOURCE_ROOT; };
		707DBA86209EDBAC00F2FAFB /* AboutViewController.m */ = {isa = PBXFileReference; lastKnownFileType = sourcecode.c.objc; name = AboutViewController.m; path = PictureStudio/Controller/AboutViewController.m; sourceTree = SOURCE_ROOT; };
		707DBA87209EDBAC00F2FAFB /* AboutViewController.xib */ = {isa = PBXFileReference; lastKnownFileType = file.xib; name = AboutViewController.xib; path = PictureStudio/Controller/AboutViewController.xib; sourceTree = SOURCE_ROOT; };
		707DBA8A209EF19400F2FAFB /* PrefixHeader-PictureStudio.pch */ = {isa = PBXFileReference; lastKnownFileType = sourcecode.c.h; path = "PrefixHeader-PictureStudio.pch"; sourceTree = "<group>"; };
		707DBA8B20A0A14100F2FAFB /* ShareBoardView.h */ = {isa = PBXFileReference; lastKnownFileType = sourcecode.c.h; name = ShareBoardView.h; path = PictureStudio/View/ShareBoardView.h; sourceTree = SOURCE_ROOT; };
		707DBA8C20A0A14100F2FAFB /* ShareBoardView.m */ = {isa = PBXFileReference; lastKnownFileType = sourcecode.c.objc; name = ShareBoardView.m; path = PictureStudio/View/ShareBoardView.m; sourceTree = SOURCE_ROOT; };
		708248A0204EC6FC000D60A3 /* LongPictureViewController.m */ = {isa = PBXFileReference; fileEncoding = 4; lastKnownFileType = sourcecode.c.objc; path = LongPictureViewController.m; sourceTree = "<group>"; };
		708248A1204EC6FC000D60A3 /* LongPictureViewController.h */ = {isa = PBXFileReference; fileEncoding = 4; lastKnownFileType = sourcecode.c.h; path = LongPictureViewController.h; sourceTree = "<group>"; };
		708248A9204ECD4C000D60A3 /* libjpeg.a */ = {isa = PBXFileReference; lastKnownFileType = archive.ar; name = libjpeg.a; path = PictureStudio/libjpeg.a; sourceTree = "<group>"; };
		708248AC204ED48B000D60A3 /* FilePathUtils.h */ = {isa = PBXFileReference; lastKnownFileType = sourcecode.c.h; path = FilePathUtils.h; sourceTree = "<group>"; };
		708248AD204ED48B000D60A3 /* FilePathUtils.m */ = {isa = PBXFileReference; lastKnownFileType = sourcecode.c.objc; path = FilePathUtils.m; sourceTree = "<group>"; };
		708248BA206A90E9000D60A3 /* HXPhotoModel.h */ = {isa = PBXFileReference; fileEncoding = 4; lastKnownFileType = sourcecode.c.h; path = HXPhotoModel.h; sourceTree = "<group>"; };
		708248BC206A9103000D60A3 /* HXPhotoModel.m */ = {isa = PBXFileReference; fileEncoding = 4; lastKnownFileType = sourcecode.c.objc; path = HXPhotoModel.m; sourceTree = "<group>"; };
		708248BF206A9152000D60A3 /* HXAlbumModel.m */ = {isa = PBXFileReference; fileEncoding = 4; lastKnownFileType = sourcecode.c.objc; path = HXAlbumModel.m; sourceTree = "<group>"; };
		708248C0206A9152000D60A3 /* HXPhotoTools.h */ = {isa = PBXFileReference; fileEncoding = 4; lastKnownFileType = sourcecode.c.h; path = HXPhotoTools.h; sourceTree = "<group>"; };
		708248C1206A9153000D60A3 /* HXAlbumModel.h */ = {isa = PBXFileReference; fileEncoding = 4; lastKnownFileType = sourcecode.c.h; path = HXAlbumModel.h; sourceTree = "<group>"; };
		708248C2206A9153000D60A3 /* HXPhotoTools.m */ = {isa = PBXFileReference; fileEncoding = 4; lastKnownFileType = sourcecode.c.objc; path = HXPhotoTools.m; sourceTree = "<group>"; };
		708248C5206A9181000D60A3 /* NSDate+HXExtension.h */ = {isa = PBXFileReference; fileEncoding = 4; lastKnownFileType = sourcecode.c.h; path = "NSDate+HXExtension.h"; sourceTree = "<group>"; };
		708248C6206A9182000D60A3 /* NSDate+HXExtension.m */ = {isa = PBXFileReference; fileEncoding = 4; lastKnownFileType = sourcecode.c.objc; path = "NSDate+HXExtension.m"; sourceTree = "<group>"; };
		708248CB206A94C8000D60A3 /* NSBundle+HXWeiboPhotoPicker.m */ = {isa = PBXFileReference; fileEncoding = 4; lastKnownFileType = sourcecode.c.objc; path = "NSBundle+HXWeiboPhotoPicker.m"; sourceTree = "<group>"; };
		708248CC206A94C8000D60A3 /* NSBundle+HXWeiboPhotoPicker.h */ = {isa = PBXFileReference; fileEncoding = 4; lastKnownFileType = sourcecode.c.h; path = "NSBundle+HXWeiboPhotoPicker.h"; sourceTree = "<group>"; };
		708248CE206A94E2000D60A3 /* UIFont+HXExtension.h */ = {isa = PBXFileReference; fileEncoding = 4; lastKnownFileType = sourcecode.c.h; path = "UIFont+HXExtension.h"; sourceTree = "<group>"; };
		708248CF206A94E2000D60A3 /* UIFont+HXExtension.m */ = {isa = PBXFileReference; fileEncoding = 4; lastKnownFileType = sourcecode.c.objc; path = "UIFont+HXExtension.m"; sourceTree = "<group>"; };
		708248D1206A9501000D60A3 /* HXPhotoDefine.h */ = {isa = PBXFileReference; lastKnownFileType = sourcecode.c.h; path = HXPhotoDefine.h; sourceTree = "<group>"; };
		708248D2206A957B000D60A3 /* HXPhotoPicker.h */ = {isa = PBXFileReference; lastKnownFileType = sourcecode.c.h; path = HXPhotoPicker.h; sourceTree = "<group>"; };
		708248D3206A959D000D60A3 /* HXPhotoConfiguration.h */ = {isa = PBXFileReference; fileEncoding = 4; lastKnownFileType = sourcecode.c.h; path = HXPhotoConfiguration.h; sourceTree = "<group>"; };
		708248D4206A959D000D60A3 /* HXPhotoConfiguration.m */ = {isa = PBXFileReference; fileEncoding = 4; lastKnownFileType = sourcecode.c.objc; path = HXPhotoConfiguration.m; sourceTree = "<group>"; };
		708248D6206A9884000D60A3 /* UIImage+HXExtension.m */ = {isa = PBXFileReference; fileEncoding = 4; lastKnownFileType = sourcecode.c.objc; path = "UIImage+HXExtension.m"; sourceTree = "<group>"; };
		708248D7206A9884000D60A3 /* UIImage+HXExtension.h */ = {isa = PBXFileReference; fileEncoding = 4; lastKnownFileType = sourcecode.c.h; path = "UIImage+HXExtension.h"; sourceTree = "<group>"; };
		708248F52078AFAF000D60A3 /* ImgCollectionViewCell.h */ = {isa = PBXFileReference; lastKnownFileType = sourcecode.c.h; path = ImgCollectionViewCell.h; sourceTree = "<group>"; };
		708248F62078AFAF000D60A3 /* ImgCollectionViewCell.m */ = {isa = PBXFileReference; lastKnownFileType = sourcecode.c.objc; path = ImgCollectionViewCell.m; sourceTree = "<group>"; };
		708248F82078B3D7000D60A3 /* UIButton+Extension.h */ = {isa = PBXFileReference; lastKnownFileType = sourcecode.c.h; path = "UIButton+Extension.h"; sourceTree = "<group>"; };
		708248F92078B3D7000D60A3 /* UIButton+Extension.m */ = {isa = PBXFileReference; lastKnownFileType = sourcecode.c.objc; path = "UIButton+Extension.m"; sourceTree = "<group>"; };
		708248FB2078BD4C000D60A3 /* UIImageView+HXExtension.m */ = {isa = PBXFileReference; fileEncoding = 4; lastKnownFileType = sourcecode.c.objc; path = "UIImageView+HXExtension.m"; sourceTree = "<group>"; };
		708248FC2078BD4C000D60A3 /* UIImageView+HXExtension.h */ = {isa = PBXFileReference; fileEncoding = 4; lastKnownFileType = sourcecode.c.h; path = "UIImageView+HXExtension.h"; sourceTree = "<group>"; };
		708248FE2078E510000D60A3 /* PhotoEditButtomView.h */ = {isa = PBXFileReference; lastKnownFileType = sourcecode.c.h; path = PhotoEditButtomView.h; sourceTree = "<group>"; };
		708248FF2078E510000D60A3 /* PhotoEditButtomView.m */ = {isa = PBXFileReference; lastKnownFileType = sourcecode.c.objc; path = PhotoEditButtomView.m; sourceTree = "<group>"; };
		7082490120790E0E000D60A3 /* UIView+HXExtension.m */ = {isa = PBXFileReference; fileEncoding = 4; lastKnownFileType = sourcecode.c.objc; path = "UIView+HXExtension.m"; sourceTree = "<group>"; };
		7082490220790E0E000D60A3 /* UIView+HXExtension.h */ = {isa = PBXFileReference; fileEncoding = 4; lastKnownFileType = sourcecode.c.h; path = "UIView+HXExtension.h"; sourceTree = "<group>"; };
		7082490420790F92000D60A3 /* PhotoCollectionReusableView.h */ = {isa = PBXFileReference; lastKnownFileType = sourcecode.c.h; path = PhotoCollectionReusableView.h; sourceTree = "<group>"; };
		7082490520790F92000D60A3 /* PhotoCollectionReusableView.m */ = {isa = PBXFileReference; lastKnownFileType = sourcecode.c.objc; path = PhotoCollectionReusableView.m; sourceTree = "<group>"; };
		708811052099FDE1003A1CF4 /* CombinePicture.h */ = {isa = PBXFileReference; fileEncoding = 4; lastKnownFileType = sourcecode.c.h; name = CombinePicture.h; path = PictureStudio/Model/CombinePicture.h; sourceTree = SOURCE_ROOT; };
		708811062099FDE1003A1CF4 /* CombinePicture.mm */ = {isa = PBXFileReference; fileEncoding = 4; lastKnownFileType = sourcecode.cpp.objcpp; name = CombinePicture.mm; path = PictureStudio/Model/CombinePicture.mm; sourceTree = SOURCE_ROOT; };
		70925B5A213578A800AE9373 /* AssetCollectionCell.h */ = {isa = PBXFileReference; lastKnownFileType = sourcecode.c.h; path = AssetCollectionCell.h; sourceTree = "<group>"; };
		70925B5B213578A800AE9373 /* AssetCollectionCell.m */ = {isa = PBXFileReference; lastKnownFileType = sourcecode.c.objc; path = AssetCollectionCell.m; sourceTree = "<group>"; };
		70B3080B20E27D6100FFF131 /* PhotoCutModel.h */ = {isa = PBXFileReference; lastKnownFileType = sourcecode.c.h; name = PhotoCutModel.h; path = PictureStudio/Model/PhotoCutModel.h; sourceTree = SOURCE_ROOT; };
		70B3080C20E27D6100FFF131 /* PhotoCutModel.m */ = {isa = PBXFileReference; lastKnownFileType = sourcecode.c.objc; name = PhotoCutModel.m; path = PictureStudio/Model/PhotoCutModel.m; sourceTree = SOURCE_ROOT; };
		70BD41D9212AFA9A00CA0941 /* RecentScrollView.h */ = {isa = PBXFileReference; fileEncoding = 4; lastKnownFileType = sourcecode.c.h; name = RecentScrollView.h; path = PictureStudio/View/RecentScrollView.h; sourceTree = SOURCE_ROOT; };
		70BD41DA212AFA9A00CA0941 /* RecentScrollView.m */ = {isa = PBXFileReference; fileEncoding = 4; lastKnownFileType = sourcecode.c.objc; name = RecentScrollView.m; path = PictureStudio/View/RecentScrollView.m; sourceTree = SOURCE_ROOT; };
		70C262F7207A72EF00F65EFD /* AHAssetGroupCell.h */ = {isa = PBXFileReference; fileEncoding = 4; lastKnownFileType = sourcecode.c.h; path = AHAssetGroupCell.h; sourceTree = "<group>"; };
		70C262F8207A72EF00F65EFD /* AHAssetGroupsView.h */ = {isa = PBXFileReference; fileEncoding = 4; lastKnownFileType = sourcecode.c.h; path = AHAssetGroupsView.h; sourceTree = "<group>"; };
		70C262F9207A72EF00F65EFD /* AHAssetGroupsView.m */ = {isa = PBXFileReference; fileEncoding = 4; lastKnownFileType = sourcecode.c.objc; path = AHAssetGroupsView.m; sourceTree = "<group>"; };
		70C262FA207A72EF00F65EFD /* AHAssetGroupCell.m */ = {isa = PBXFileReference; fileEncoding = 4; lastKnownFileType = sourcecode.c.objc; path = AHAssetGroupCell.m; sourceTree = "<group>"; };
		70C262FF207A7C9100F65EFD /* AHAssetGroupCell.xib */ = {isa = PBXFileReference; lastKnownFileType = file.xib; path = AHAssetGroupCell.xib; sourceTree = "<group>"; };
		70C4DCB02107666C00857F65 /* ImageIOModel.h */ = {isa = PBXFileReference; fileEncoding = 4; lastKnownFileType = sourcecode.c.h; name = ImageIOModel.h; path = PictureStudio/Model/ImageIOModel.h; sourceTree = SOURCE_ROOT; };
		70C4DCB12107666C00857F65 /* ImageIOModel.m */ = {isa = PBXFileReference; fileEncoding = 4; lastKnownFileType = sourcecode.c.objc; name = ImageIOModel.m; path = PictureStudio/Model/ImageIOModel.m; sourceTree = SOURCE_ROOT; };
		70C5D189207926A400FE5B9A /* AssetTitleView.h */ = {isa = PBXFileReference; lastKnownFileType = sourcecode.c.h; path = AssetTitleView.h; sourceTree = "<group>"; };
		70C5D18A207926A400FE5B9A /* AssetTitleView.m */ = {isa = PBXFileReference; lastKnownFileType = sourcecode.c.objc; path = AssetTitleView.m; sourceTree = "<group>"; };
		70D24BBB207FA9CA003430BA /* UINavigationBar+Color.h */ = {isa = PBXFileReference; lastKnownFileType = sourcecode.c.h; path = "UINavigationBar+Color.h"; sourceTree = "<group>"; };
		70D24BBC207FA9CA003430BA /* UINavigationBar+Color.m */ = {isa = PBXFileReference; lastKnownFileType = sourcecode.c.objc; path = "UINavigationBar+Color.m"; sourceTree = "<group>"; };
		9338E54D20A577A10059D58E /* PhotoPreviewController.h */ = {isa = PBXFileReference; lastKnownFileType = sourcecode.c.h; path = PhotoPreviewController.h; sourceTree = "<group>"; };
		9338E54E20A577A10059D58E /* PhotoPreviewController.m */ = {isa = PBXFileReference; lastKnownFileType = sourcecode.c.objc; path = PhotoPreviewController.m; sourceTree = "<group>"; };
		9338E55020A57A760059D58E /* PhotoPreviewCell.h */ = {isa = PBXFileReference; lastKnownFileType = sourcecode.c.h; path = PhotoPreviewCell.h; sourceTree = "<group>"; };
		9338E55120A57A760059D58E /* PhotoPreviewCell.m */ = {isa = PBXFileReference; lastKnownFileType = sourcecode.c.objc; path = PhotoPreviewCell.m; sourceTree = "<group>"; };
		936FAC2620200B9A00F80BCF /* PictureStudio.app */ = {isa = PBXFileReference; explicitFileType = wrapper.application; includeInIndex = 0; path = PictureStudio.app; sourceTree = BUILT_PRODUCTS_DIR; };
		936FAC2920200B9A00F80BCF /* AppDelegate.h */ = {isa = PBXFileReference; lastKnownFileType = sourcecode.c.h; path = AppDelegate.h; sourceTree = "<group>"; };
		936FAC2A20200B9A00F80BCF /* AppDelegate.m */ = {isa = PBXFileReference; lastKnownFileType = sourcecode.c.objc; path = AppDelegate.m; sourceTree = "<group>"; };
		936FAC2C20200B9A00F80BCF /* ViewController.h */ = {isa = PBXFileReference; lastKnownFileType = sourcecode.c.h; path = ViewController.h; sourceTree = "<group>"; };
		936FAC2D20200B9A00F80BCF /* ViewController.m */ = {isa = PBXFileReference; lastKnownFileType = sourcecode.c.objc; path = ViewController.m; sourceTree = "<group>"; };
		936FAC3020200B9A00F80BCF /* Base */ = {isa = PBXFileReference; lastKnownFileType = file.storyboard; name = Base; path = Base.lproj/Main.storyboard; sourceTree = "<group>"; };
		936FAC3220200B9A00F80BCF /* Assets.xcassets */ = {isa = PBXFileReference; lastKnownFileType = folder.assetcatalog; path = Assets.xcassets; sourceTree = "<group>"; };
		936FAC3520200B9A00F80BCF /* Base */ = {isa = PBXFileReference; lastKnownFileType = file.storyboard; name = Base; path = Base.lproj/LaunchScreen.storyboard; sourceTree = "<group>"; };
		936FAC3720200B9A00F80BCF /* Info.plist */ = {isa = PBXFileReference; lastKnownFileType = text.plist.xml; path = Info.plist; sourceTree = "<group>"; };
		936FAC3820200B9A00F80BCF /* main.m */ = {isa = PBXFileReference; lastKnownFileType = sourcecode.c.objc; path = main.m; sourceTree = "<group>"; };
		936FAC3E20200B9A00F80BCF /* PictureStudioTests.xctest */ = {isa = PBXFileReference; explicitFileType = wrapper.cfbundle; includeInIndex = 0; path = PictureStudioTests.xctest; sourceTree = BUILT_PRODUCTS_DIR; };
		936FAC4220200B9A00F80BCF /* PictureStudioTests.m */ = {isa = PBXFileReference; lastKnownFileType = sourcecode.c.objc; path = PictureStudioTests.m; sourceTree = "<group>"; };
		936FAC4420200B9A00F80BCF /* Info.plist */ = {isa = PBXFileReference; lastKnownFileType = text.plist.xml; path = Info.plist; sourceTree = "<group>"; };
		937F74312084879800F56AFD /* HXPhotoManager.h */ = {isa = PBXFileReference; fileEncoding = 4; lastKnownFileType = sourcecode.c.h; path = HXPhotoManager.h; sourceTree = "<group>"; };
		937F74322084879800F56AFD /* HXPhotoManager.m */ = {isa = PBXFileReference; fileEncoding = 4; lastKnownFileType = sourcecode.c.objc; path = HXPhotoManager.m; sourceTree = "<group>"; };
		937F743E20849DB100F56AFD /* opencv2.framework */ = {isa = PBXFileReference; lastKnownFileType = wrapper.framework; name = opencv2.framework; path = PictureStudio/opencv2.framework; sourceTree = "<group>"; };
		937F74432084A4CB00F56AFD /* CombineIndicatorView.h */ = {isa = PBXFileReference; lastKnownFileType = sourcecode.c.h; path = CombineIndicatorView.h; sourceTree = "<group>"; };
		937F74442084A4CB00F56AFD /* CombineIndicatorView.m */ = {isa = PBXFileReference; lastKnownFileType = sourcecode.c.objc; path = CombineIndicatorView.m; sourceTree = "<group>"; };
		9389461320B7E3DC00BC62DA /* en */ = {isa = PBXFileReference; lastKnownFileType = text.plist.strings; name = en; path = en.lproj/InfoPlist.strings; sourceTree = "<group>"; };
		9389461520B7E42600BC62DA /* zh-Hans */ = {isa = PBXFileReference; lastKnownFileType = text.plist.strings; name = "zh-Hans"; path = "zh-Hans.lproj/InfoPlist.strings"; sourceTree = "<group>"; };
		9389461920B7E4BB00BC62DA /* en */ = {isa = PBXFileReference; lastKnownFileType = text.plist.strings; name = en; path = en.lproj/Localizable.strings; sourceTree = "<group>"; };
		9389461B20B7E4BF00BC62DA /* zh-Hans */ = {isa = PBXFileReference; lastKnownFileType = text.plist.strings; name = "zh-Hans"; path = "zh-Hans.lproj/Localizable.strings"; sourceTree = "<group>"; };
		9399E81E20D23D5400791E92 /* ToastView.h */ = {isa = PBXFileReference; lastKnownFileType = sourcecode.c.h; path = ToastView.h; sourceTree = "<group>"; };
		9399E81F20D23D5400791E92 /* ToastView.m */ = {isa = PBXFileReference; lastKnownFileType = sourcecode.c.objc; path = ToastView.m; sourceTree = "<group>"; };
		939F2701213FAD4B00718374 /* BaseNavigationController.h */ = {isa = PBXFileReference; lastKnownFileType = sourcecode.c.h; path = BaseNavigationController.h; sourceTree = "<group>"; };
		939F2702213FAD4B00718374 /* BaseNavigationController.m */ = {isa = PBXFileReference; lastKnownFileType = sourcecode.c.objc; path = BaseNavigationController.m; sourceTree = "<group>"; };
		939F2707213FBB2E00718374 /* BaseViewController.h */ = {isa = PBXFileReference; lastKnownFileType = sourcecode.c.h; path = BaseViewController.h; sourceTree = "<group>"; };
		939F2708213FBB2E00718374 /* BaseViewController.m */ = {isa = PBXFileReference; lastKnownFileType = sourcecode.c.objc; path = BaseViewController.m; sourceTree = "<group>"; };
		939F270C213FBF6600718374 /* CustomTransitionPushSimilarHepler.h */ = {isa = PBXFileReference; lastKnownFileType = sourcecode.c.h; path = CustomTransitionPushSimilarHepler.h; sourceTree = "<group>"; };
		939F270D213FBF6600718374 /* CustomTransitionPushSimilarHepler.m */ = {isa = PBXFileReference; lastKnownFileType = sourcecode.c.objc; path = CustomTransitionPushSimilarHepler.m; sourceTree = "<group>"; };
		939F270F213FCE9000718374 /* SwipeEdgeInteractionController.h */ = {isa = PBXFileReference; lastKnownFileType = sourcecode.c.h; path = SwipeEdgeInteractionController.h; sourceTree = "<group>"; };
		939F2710213FCE9000718374 /* SwipeEdgeInteractionController.m */ = {isa = PBXFileReference; lastKnownFileType = sourcecode.c.objc; path = SwipeEdgeInteractionController.m; sourceTree = "<group>"; };
		AAE5E6A04762F2F9333FC11A /* Pods-PictureStudio.debug.xcconfig */ = {isa = PBXFileReference; includeInIndex = 1; lastKnownFileType = text.xcconfig; name = "Pods-PictureStudio.debug.xcconfig"; path = "Pods/Target Support Files/Pods-PictureStudio/Pods-PictureStudio.debug.xcconfig"; sourceTree = "<group>"; };
		C1CA1C5684A7B142E0E5A154 /* Pods-PictureStudioTests.release.xcconfig */ = {isa = PBXFileReference; includeInIndex = 1; lastKnownFileType = text.xcconfig; name = "Pods-PictureStudioTests.release.xcconfig"; path = "Pods/Target Support Files/Pods-PictureStudioTests/Pods-PictureStudioTests.release.xcconfig"; sourceTree = "<group>"; };
		D552EC3AE84972F5EBFA1999 /* libPods-PictureStudio.a */ = {isa = PBXFileReference; explicitFileType = archive.ar; includeInIndex = 0; path = "libPods-PictureStudio.a"; sourceTree = BUILT_PRODUCTS_DIR; };
		E2D41101F59DA7FA2FD3FB6F /* Pods-PictureStudio.release.xcconfig */ = {isa = PBXFileReference; includeInIndex = 1; lastKnownFileType = text.xcconfig; name = "Pods-PictureStudio.release.xcconfig"; path = "Pods/Target Support Files/Pods-PictureStudio/Pods-PictureStudio.release.xcconfig"; sourceTree = "<group>"; };
/* End PBXFileReference section */

/* Begin PBXFrameworksBuildPhase section */
		936FAC2320200B9A00F80BCF /* Frameworks */ = {
			isa = PBXFrameworksBuildPhase;
			buildActionMask = 2147483647;
			files = (
				702C5FBC20CACEEE00AA8CA5 /* StoreKit.framework in Frameworks */,
				7060808420C58A2C0045F49E /* MessageUI.framework in Frameworks */,
				707DBA7C209EC52700F2FAFB /* Photos.framework in Frameworks */,
				937F743F20849DB200F56AFD /* opencv2.framework in Frameworks */,
				93539C6E20808EFB00B7D29C /* libjpeg.a in Frameworks */,
				3D7505CCECDB7A1EE388FACD /* libPods-PictureStudio.a in Frameworks */,
			);
			runOnlyForDeploymentPostprocessing = 0;
		};
		936FAC3B20200B9A00F80BCF /* Frameworks */ = {
			isa = PBXFrameworksBuildPhase;
			buildActionMask = 2147483647;
			files = (
				CA77FD7BEBFA8FC98070EEF6 /* libPods-PictureStudioTests.a in Frameworks */,
			);
			runOnlyForDeploymentPostprocessing = 0;
		};
/* End PBXFrameworksBuildPhase section */

/* Begin PBXGroup section */
		18D7E9E1DF3382CFCFDAC36B /* Pods */ = {
			isa = PBXGroup;
			children = (
				AAE5E6A04762F2F9333FC11A /* Pods-PictureStudio.debug.xcconfig */,
				E2D41101F59DA7FA2FD3FB6F /* Pods-PictureStudio.release.xcconfig */,
				68AFF48AE0E9AFCEE83E38DA /* Pods-PictureStudioTests.debug.xcconfig */,
				C1CA1C5684A7B142E0E5A154 /* Pods-PictureStudioTests.release.xcconfig */,
			);
			name = Pods;
			sourceTree = "<group>";
		};
		7082489F204EC6FC000D60A3 /* Controller */ = {
			isa = PBXGroup;
			children = (
				939F2700213FACF900718374 /* Base */,
				939F270B213FBF4600718374 /* Helps */,
				936FAC2C20200B9A00F80BCF /* ViewController.h */,
				936FAC2D20200B9A00F80BCF /* ViewController.m */,
				9338E54D20A577A10059D58E /* PhotoPreviewController.h */,
				9338E54E20A577A10059D58E /* PhotoPreviewController.m */,
				707DBA79209EC4BE00F2FAFB /* SharePictureViewController.h */,
				707DBA78209EC4BE00F2FAFB /* SharePictureViewController.m */,
				708248A1204EC6FC000D60A3 /* LongPictureViewController.h */,
				708248A0204EC6FC000D60A3 /* LongPictureViewController.m */,
				707DBA85209EDBAC00F2FAFB /* AboutViewController.h */,
				707DBA86209EDBAC00F2FAFB /* AboutViewController.m */,
				707DBA87209EDBAC00F2FAFB /* AboutViewController.xib */,
				70925B5A213578A800AE9373 /* AssetCollectionCell.h */,
				70925B5B213578A800AE9373 /* AssetCollectionCell.m */,
				70711C982135A0E2008A6121 /* AssetCollectionCell.xib */,
				70711C9321359B4E008A6121 /* AssetGroupViewController.h */,
				70711C9421359B4E008A6121 /* AssetGroupViewController.m */,
				70711C9521359B4E008A6121 /* AssetGroupViewController.xib */,
				7060808120BEF56A0045F49E /* HXPhoto3DTouchViewController.h */,
				7060808020BEF56A0045F49E /* HXPhoto3DTouchViewController.m */,
			);
			path = Controller;
			sourceTree = "<group>";
		};
		708248A3204EC70A000D60A3 /* model */ = {
			isa = PBXGroup;
			children = (
				708811052099FDE1003A1CF4 /* CombinePicture.h */,
				708811062099FDE1003A1CF4 /* CombinePicture.mm */,
				937F74312084879800F56AFD /* HXPhotoManager.h */,
				937F74322084879800F56AFD /* HXPhotoManager.m */,
				708248BC206A9103000D60A3 /* HXPhotoModel.m */,
				708248BA206A90E9000D60A3 /* HXPhotoModel.h */,
				708248C1206A9153000D60A3 /* HXAlbumModel.h */,
				708248BF206A9152000D60A3 /* HXAlbumModel.m */,
				70B3080B20E27D6100FFF131 /* PhotoCutModel.h */,
				70B3080C20E27D6100FFF131 /* PhotoCutModel.m */,
				70C4DCB02107666C00857F65 /* ImageIOModel.h */,
				70C4DCB12107666C00857F65 /* ImageIOModel.m */,
				708248C0206A9152000D60A3 /* HXPhotoTools.h */,
				708248C2206A9153000D60A3 /* HXPhotoTools.m */,
				708248D1206A9501000D60A3 /* HXPhotoDefine.h */,
				708248D2206A957B000D60A3 /* HXPhotoPicker.h */,
				708248D3206A959D000D60A3 /* HXPhotoConfiguration.h */,
				708248D4206A959D000D60A3 /* HXPhotoConfiguration.m */,
			);
			path = model;
			sourceTree = "<group>";
		};
		708248AB204ED44B000D60A3 /* Utils */ = {
			isa = PBXGroup;
			children = (
				708248AC204ED48B000D60A3 /* FilePathUtils.h */,
				708248AD204ED48B000D60A3 /* FilePathUtils.m */,
			);
			path = Utils;
			sourceTree = "<group>";
		};
		708248F42078AE81000D60A3 /* view */ = {
			isa = PBXGroup;
			children = (
				702C5FBE20D15DF000AA8CA5 /* XDProgressView.h */,
				702C5FBF20D15DF000AA8CA5 /* XDProgressView.m */,
				70BD41D9212AFA9A00CA0941 /* RecentScrollView.h */,
				70BD41DA212AFA9A00CA0941 /* RecentScrollView.m */,
				703FDEB62132E3CB006218D0 /* AssetTitleButton.h */,
				703FDEB72132E3CB006218D0 /* AssetTitleButton.m */,
				9399E81E20D23D5400791E92 /* ToastView.h */,
				9399E81F20D23D5400791E92 /* ToastView.m */,
				9338E55020A57A760059D58E /* PhotoPreviewCell.h */,
				9338E55120A57A760059D58E /* PhotoPreviewCell.m */,
				7082490420790F92000D60A3 /* PhotoCollectionReusableView.h */,
				7082490520790F92000D60A3 /* PhotoCollectionReusableView.m */,
				708248F52078AFAF000D60A3 /* ImgCollectionViewCell.h */,
				708248F62078AFAF000D60A3 /* ImgCollectionViewCell.m */,
				708248FE2078E510000D60A3 /* PhotoEditButtomView.h */,
				708248FF2078E510000D60A3 /* PhotoEditButtomView.m */,
				707DBA7D209ED61100F2FAFB /* PhotoSaveBottomView.h */,
				707DBA7E209ED61100F2FAFB /* PhotoSaveBottomView.m */,
				700E324E20A1C8A0007A23E0 /* AboutViewTableViewCell.h */,
				700E324C20A1C89F007A23E0 /* AboutViewTableViewCell.m */,
				700E324D20A1C8A0007A23E0 /* AboutViewTableViewCell.xib */,
				70C5D189207926A400FE5B9A /* AssetTitleView.h */,
				70C5D18A207926A400FE5B9A /* AssetTitleView.m */,
				70C262F7207A72EF00F65EFD /* AHAssetGroupCell.h */,
				70C262FA207A72EF00F65EFD /* AHAssetGroupCell.m */,
				7042145921343F7B0005AB2F /* AssetTableViewCell.h */,
				7042145A21343F7B0005AB2F /* AssetTableViewCell.m */,
				70C262FF207A7C9100F65EFD /* AHAssetGroupCell.xib */,
				70C262F8207A72EF00F65EFD /* AHAssetGroupsView.h */,
				70C262F9207A72EF00F65EFD /* AHAssetGroupsView.m */,
				707DBA8B20A0A14100F2FAFB /* ShareBoardView.h */,
				707DBA8C20A0A14100F2FAFB /* ShareBoardView.m */,
				937F74432084A4CB00F56AFD /* CombineIndicatorView.h */,
				937F74442084A4CB00F56AFD /* CombineIndicatorView.m */,
				700E325120A1E464007A23E0 /* WeiboTableViewCell.h */,
				700E325320A1E464007A23E0 /* WeiboTableViewCell.m */,
				700E325220A1E464007A23E0 /* WeiboTableViewCell.xib */,
			);
			path = view;
			sourceTree = "<group>";
		};
		70D24BBA207FA98C003430BA /* category */ = {
			isa = PBXGroup;
			children = (
				70D24BBB207FA9CA003430BA /* UINavigationBar+Color.h */,
				70D24BBC207FA9CA003430BA /* UINavigationBar+Color.m */,
				708248C5206A9181000D60A3 /* NSDate+HXExtension.h */,
				708248C6206A9182000D60A3 /* NSDate+HXExtension.m */,
				708248CC206A94C8000D60A3 /* NSBundle+HXWeiboPhotoPicker.h */,
				708248CB206A94C8000D60A3 /* NSBundle+HXWeiboPhotoPicker.m */,
				708248CE206A94E2000D60A3 /* UIFont+HXExtension.h */,
				708248CF206A94E2000D60A3 /* UIFont+HXExtension.m */,
				708248D7206A9884000D60A3 /* UIImage+HXExtension.h */,
				708248D6206A9884000D60A3 /* UIImage+HXExtension.m */,
				708248F82078B3D7000D60A3 /* UIButton+Extension.h */,
				708248F92078B3D7000D60A3 /* UIButton+Extension.m */,
				7082490220790E0E000D60A3 /* UIView+HXExtension.h */,
				7082490120790E0E000D60A3 /* UIView+HXExtension.m */,
				708248FC2078BD4C000D60A3 /* UIImageView+HXExtension.h */,
				708248FB2078BD4C000D60A3 /* UIImageView+HXExtension.m */,
				703FDEB2212C5FE1006218D0 /* UIColor+CustomColor.h */,
				703FDEB3212C5FE1006218D0 /* UIColor+CustomColor.m */,
				7042145D21344D100005AB2F /* UIViewController+Extensions.h */,
				7042145E21344D100005AB2F /* UIViewController+Extensions.m */,
				7042146021344FD10005AB2F /* ViewControllerExtensions.swift */,
			);
			path = category;
			sourceTree = "<group>";
		};
		936FAC1D20200B9A00F80BCF = {
			isa = PBXGroup;
			children = (
				936FAC2820200B9A00F80BCF /* PictureStudio */,
				936FAC4120200B9A00F80BCF /* PictureStudioTests */,
				936FAC2720200B9A00F80BCF /* Products */,
				18D7E9E1DF3382CFCFDAC36B /* Pods */,
				F25F94BCEE068E820AFA5EA8 /* Frameworks */,
			);
			sourceTree = "<group>";
		};
		936FAC2720200B9A00F80BCF /* Products */ = {
			isa = PBXGroup;
			children = (
				936FAC2620200B9A00F80BCF /* PictureStudio.app */,
				936FAC3E20200B9A00F80BCF /* PictureStudioTests.xctest */,
			);
			name = Products;
			sourceTree = "<group>";
		};
		936FAC2820200B9A00F80BCF /* PictureStudio */ = {
			isa = PBXGroup;
			children = (
				70D24BBA207FA98C003430BA /* category */,
				708248AB204ED44B000D60A3 /* Utils */,
				708248A3204EC70A000D60A3 /* model */,
				7082489F204EC6FC000D60A3 /* Controller */,
				708248F42078AE81000D60A3 /* view */,
				936FAC2920200B9A00F80BCF /* AppDelegate.h */,
				936FAC2A20200B9A00F80BCF /* AppDelegate.m */,
				7042146C213453290005AB2F /* PictureStudio_Bridging_Header.h */,
				707DBA8A209EF19400F2FAFB /* PrefixHeader-PictureStudio.pch */,
				936FAC2F20200B9A00F80BCF /* Main.storyboard */,
				936FAC3220200B9A00F80BCF /* Assets.xcassets */,
				936FAC3420200B9A00F80BCF /* LaunchScreen.storyboard */,
				700E324A20A1C779007A23E0 /* teamWeiboInfo.plist */,
				936FAC3720200B9A00F80BCF /* Info.plist */,
				936FAC3820200B9A00F80BCF /* main.m */,
				9389460F20B7E3A900BC62DA /* Supporting Files */,
			);
			path = PictureStudio;
			sourceTree = "<group>";
		};
		936FAC4120200B9A00F80BCF /* PictureStudioTests */ = {
			isa = PBXGroup;
			children = (
				936FAC4220200B9A00F80BCF /* PictureStudioTests.m */,
				936FAC4420200B9A00F80BCF /* Info.plist */,
			);
			path = PictureStudioTests;
			sourceTree = "<group>";
		};
		9389460F20B7E3A900BC62DA /* Supporting Files */ = {
			isa = PBXGroup;
			children = (
				9389461420B7E3DC00BC62DA /* InfoPlist.strings */,
				9389461A20B7E4BB00BC62DA /* Localizable.strings */,
			);
			path = "Supporting Files";
			sourceTree = "<group>";
		};
		939F2700213FACF900718374 /* Base */ = {
			isa = PBXGroup;
			children = (
				939F2701213FAD4B00718374 /* BaseNavigationController.h */,
				939F2702213FAD4B00718374 /* BaseNavigationController.m */,
				939F2707213FBB2E00718374 /* BaseViewController.h */,
				939F2708213FBB2E00718374 /* BaseViewController.m */,
			);
			path = Base;
			sourceTree = "<group>";
		};
		939F270B213FBF4600718374 /* Helps */ = {
			isa = PBXGroup;
			children = (
				939F270C213FBF6600718374 /* CustomTransitionPushSimilarHepler.h */,
				939F270D213FBF6600718374 /* CustomTransitionPushSimilarHepler.m */,
				939F270F213FCE9000718374 /* SwipeEdgeInteractionController.h */,
				939F2710213FCE9000718374 /* SwipeEdgeInteractionController.m */,
			);
			path = Helps;
			sourceTree = "<group>";
		};
		F25F94BCEE068E820AFA5EA8 /* Frameworks */ = {
			isa = PBXGroup;
			children = (
				702C5FBB20CACEEE00AA8CA5 /* StoreKit.framework */,
				7060808320C58A2C0045F49E /* MessageUI.framework */,
				707DBA7B209EC52700F2FAFB /* Photos.framework */,
				937F743E20849DB100F56AFD /* opencv2.framework */,
				708248A9204ECD4C000D60A3 /* libjpeg.a */,
				D552EC3AE84972F5EBFA1999 /* libPods-PictureStudio.a */,
				0FBE47B7FBE857DD390CAF1A /* libPods-PictureStudioTests.a */,
			);
			name = Frameworks;
			sourceTree = "<group>";
		};
/* End PBXGroup section */

/* Begin PBXNativeTarget section */
		936FAC2520200B9A00F80BCF /* PictureStudio */ = {
			isa = PBXNativeTarget;
			buildConfigurationList = 936FAC4720200B9A00F80BCF /* Build configuration list for PBXNativeTarget "PictureStudio" */;
			buildPhases = (
				84A92729FCDC2EFE893AA2D8 /* [CP] Check Pods Manifest.lock */,
				936FAC2220200B9A00F80BCF /* Sources */,
				936FAC2320200B9A00F80BCF /* Frameworks */,
				936FAC2420200B9A00F80BCF /* Resources */,
				CAB0006819F78B92EE386521 /* [CP] Embed Pods Frameworks */,
				E8861C85DF7B486EB3A9A809 /* [CP] Copy Pods Resources */,
			);
			buildRules = (
			);
			dependencies = (
			);
			name = PictureStudio;
			productName = PictureStudio;
			productReference = 936FAC2620200B9A00F80BCF /* PictureStudio.app */;
			productType = "com.apple.product-type.application";
		};
		936FAC3D20200B9A00F80BCF /* PictureStudioTests */ = {
			isa = PBXNativeTarget;
			buildConfigurationList = 936FAC4A20200B9A00F80BCF /* Build configuration list for PBXNativeTarget "PictureStudioTests" */;
			buildPhases = (
				E511B319B0F6FD90B15C434B /* [CP] Check Pods Manifest.lock */,
				936FAC3A20200B9A00F80BCF /* Sources */,
				936FAC3B20200B9A00F80BCF /* Frameworks */,
				936FAC3C20200B9A00F80BCF /* Resources */,
				A53D1628FE06AF888B4493C4 /* [CP] Embed Pods Frameworks */,
				CDAD6096EE993769C19A104D /* [CP] Copy Pods Resources */,
			);
			buildRules = (
			);
			dependencies = (
				936FAC4020200B9A00F80BCF /* PBXTargetDependency */,
			);
			name = PictureStudioTests;
			productName = PictureStudioTests;
			productReference = 936FAC3E20200B9A00F80BCF /* PictureStudioTests.xctest */;
			productType = "com.apple.product-type.bundle.unit-test";
		};
/* End PBXNativeTarget section */

/* Begin PBXProject section */
		936FAC1E20200B9A00F80BCF /* Project object */ = {
			isa = PBXProject;
			attributes = {
				LastUpgradeCheck = 0920;
				ORGANIZATIONNAME = "Aaron Hou";
				TargetAttributes = {
					936FAC2520200B9A00F80BCF = {
						CreatedOnToolsVersion = 9.2;
						LastSwiftMigration = 0930;
						ProvisioningStyle = Automatic;
					};
					936FAC3D20200B9A00F80BCF = {
						CreatedOnToolsVersion = 9.2;
						ProvisioningStyle = Automatic;
						TestTargetID = 936FAC2520200B9A00F80BCF;
					};
				};
			};
			buildConfigurationList = 936FAC2120200B9A00F80BCF /* Build configuration list for PBXProject "PictureStudio" */;
			compatibilityVersion = "Xcode 8.0";
			developmentRegion = en;
			hasScannedForEncodings = 0;
			knownRegions = (
				en,
				Base,
				"zh-Hans",
			);
			mainGroup = 936FAC1D20200B9A00F80BCF;
			productRefGroup = 936FAC2720200B9A00F80BCF /* Products */;
			projectDirPath = "";
			projectRoot = "";
			targets = (
				936FAC2520200B9A00F80BCF /* PictureStudio */,
				936FAC3D20200B9A00F80BCF /* PictureStudioTests */,
			);
		};
/* End PBXProject section */

/* Begin PBXResourcesBuildPhase section */
		936FAC2420200B9A00F80BCF /* Resources */ = {
			isa = PBXResourcesBuildPhase;
			buildActionMask = 2147483647;
			files = (
				70711C9721359B4E008A6121 /* AssetGroupViewController.xib in Resources */,
				936FAC3620200B9A00F80BCF /* LaunchScreen.storyboard in Resources */,
				700E325020A1C8A0007A23E0 /* AboutViewTableViewCell.xib in Resources */,
				70C26300207A7C9100F65EFD /* AHAssetGroupCell.xib in Resources */,
				70711C992135A0E2008A6121 /* AssetCollectionCell.xib in Resources */,
				700E325420A1E464007A23E0 /* WeiboTableViewCell.xib in Resources */,
				936FAC3320200B9A00F80BCF /* Assets.xcassets in Resources */,
				9389461820B7E4BB00BC62DA /* Localizable.strings in Resources */,
				936FAC3120200B9A00F80BCF /* Main.storyboard in Resources */,
				700E324B20A1C779007A23E0 /* teamWeiboInfo.plist in Resources */,
				9389461220B7E3DC00BC62DA /* InfoPlist.strings in Resources */,
				707DBA89209EDBAC00F2FAFB /* AboutViewController.xib in Resources */,
			);
			runOnlyForDeploymentPostprocessing = 0;
		};
		936FAC3C20200B9A00F80BCF /* Resources */ = {
			isa = PBXResourcesBuildPhase;
			buildActionMask = 2147483647;
			files = (
			);
			runOnlyForDeploymentPostprocessing = 0;
		};
/* End PBXResourcesBuildPhase section */

/* Begin PBXShellScriptBuildPhase section */
		84A92729FCDC2EFE893AA2D8 /* [CP] Check Pods Manifest.lock */ = {
			isa = PBXShellScriptBuildPhase;
			buildActionMask = 2147483647;
			files = (
			);
			inputPaths = (
				"${PODS_PODFILE_DIR_PATH}/Podfile.lock",
				"${PODS_ROOT}/Manifest.lock",
			);
			name = "[CP] Check Pods Manifest.lock";
			outputPaths = (
				"$(DERIVED_FILE_DIR)/Pods-PictureStudio-checkManifestLockResult.txt",
			);
			runOnlyForDeploymentPostprocessing = 0;
			shellPath = /bin/sh;
			shellScript = "diff \"${PODS_PODFILE_DIR_PATH}/Podfile.lock\" \"${PODS_ROOT}/Manifest.lock\" > /dev/null\nif [ $? != 0 ] ; then\n    # print error to STDERR\n    echo \"error: The sandbox is not in sync with the Podfile.lock. Run 'pod install' or update your CocoaPods installation.\" >&2\n    exit 1\nfi\n# This output is used by Xcode 'outputs' to avoid re-running this script phase.\necho \"SUCCESS\" > \"${SCRIPT_OUTPUT_FILE_0}\"\n";
			showEnvVarsInLog = 0;
		};
		A53D1628FE06AF888B4493C4 /* [CP] Embed Pods Frameworks */ = {
			isa = PBXShellScriptBuildPhase;
			buildActionMask = 2147483647;
			files = (
			);
			inputPaths = (
			);
			name = "[CP] Embed Pods Frameworks";
			outputPaths = (
			);
			runOnlyForDeploymentPostprocessing = 0;
			shellPath = /bin/sh;
			shellScript = "\"${SRCROOT}/Pods/Target Support Files/Pods-PictureStudioTests/Pods-PictureStudioTests-frameworks.sh\"\n";
			showEnvVarsInLog = 0;
		};
		CAB0006819F78B92EE386521 /* [CP] Embed Pods Frameworks */ = {
			isa = PBXShellScriptBuildPhase;
			buildActionMask = 2147483647;
			files = (
			);
			inputPaths = (
			);
			name = "[CP] Embed Pods Frameworks";
			outputPaths = (
			);
			runOnlyForDeploymentPostprocessing = 0;
			shellPath = /bin/sh;
			shellScript = "\"${SRCROOT}/Pods/Target Support Files/Pods-PictureStudio/Pods-PictureStudio-frameworks.sh\"\n";
			showEnvVarsInLog = 0;
		};
		CDAD6096EE993769C19A104D /* [CP] Copy Pods Resources */ = {
			isa = PBXShellScriptBuildPhase;
			buildActionMask = 2147483647;
			files = (
			);
			inputPaths = (
			);
			name = "[CP] Copy Pods Resources";
			outputPaths = (
			);
			runOnlyForDeploymentPostprocessing = 0;
			shellPath = /bin/sh;
			shellScript = "\"${SRCROOT}/Pods/Target Support Files/Pods-PictureStudioTests/Pods-PictureStudioTests-resources.sh\"\n";
			showEnvVarsInLog = 0;
		};
		E511B319B0F6FD90B15C434B /* [CP] Check Pods Manifest.lock */ = {
			isa = PBXShellScriptBuildPhase;
			buildActionMask = 2147483647;
			files = (
			);
			inputPaths = (
				"${PODS_PODFILE_DIR_PATH}/Podfile.lock",
				"${PODS_ROOT}/Manifest.lock",
			);
			name = "[CP] Check Pods Manifest.lock";
			outputPaths = (
				"$(DERIVED_FILE_DIR)/Pods-PictureStudioTests-checkManifestLockResult.txt",
			);
			runOnlyForDeploymentPostprocessing = 0;
			shellPath = /bin/sh;
			shellScript = "diff \"${PODS_PODFILE_DIR_PATH}/Podfile.lock\" \"${PODS_ROOT}/Manifest.lock\" > /dev/null\nif [ $? != 0 ] ; then\n    # print error to STDERR\n    echo \"error: The sandbox is not in sync with the Podfile.lock. Run 'pod install' or update your CocoaPods installation.\" >&2\n    exit 1\nfi\n# This output is used by Xcode 'outputs' to avoid re-running this script phase.\necho \"SUCCESS\" > \"${SCRIPT_OUTPUT_FILE_0}\"\n";
			showEnvVarsInLog = 0;
		};
		E8861C85DF7B486EB3A9A809 /* [CP] Copy Pods Resources */ = {
			isa = PBXShellScriptBuildPhase;
			buildActionMask = 2147483647;
			files = (
			);
			inputPaths = (
				"${SRCROOT}/Pods/Target Support Files/Pods-PictureStudio/Pods-PictureStudio-resources.sh",
				"${PODS_ROOT}/UMCShare/UMShare/UMSocialUI/UMSocialSDKResources.bundle",
			);
			name = "[CP] Copy Pods Resources";
			outputPaths = (
				"${TARGET_BUILD_DIR}/${UNLOCALIZED_RESOURCES_FOLDER_PATH}/UMSocialSDKResources.bundle",
			);
			runOnlyForDeploymentPostprocessing = 0;
			shellPath = /bin/sh;
			shellScript = "\"${SRCROOT}/Pods/Target Support Files/Pods-PictureStudio/Pods-PictureStudio-resources.sh\"\n";
			showEnvVarsInLog = 0;
		};
/* End PBXShellScriptBuildPhase section */

/* Begin PBXSourcesBuildPhase section */
		936FAC2220200B9A00F80BCF /* Sources */ = {
			isa = PBXSourcesBuildPhase;
			buildActionMask = 2147483647;
			files = (
				7082490320790E0E000D60A3 /* UIView+HXExtension.m in Sources */,
				707DBA8D20A0A14100F2FAFB /* ShareBoardView.m in Sources */,
				70C4DCB22107666D00857F65 /* ImageIOModel.m in Sources */,
				700E324F20A1C8A0007A23E0 /* AboutViewTableViewCell.m in Sources */,
				936FAC2E20200B9A00F80BCF /* ViewController.m in Sources */,
				708248C3206A9153000D60A3 /* HXAlbumModel.m in Sources */,
				7082490620790F92000D60A3 /* PhotoCollectionReusableView.m in Sources */,
				708248A2204EC6FC000D60A3 /* LongPictureViewController.m in Sources */,
				70BD41DB212AFA9A00CA0941 /* RecentScrollView.m in Sources */,
				937F74452084A4CB00F56AFD /* CombineIndicatorView.m in Sources */,
				70711C9621359B4E008A6121 /* AssetGroupViewController.m in Sources */,
				708248D0206A94E2000D60A3 /* UIFont+HXExtension.m in Sources */,
				708248AE204ED48B000D60A3 /* FilePathUtils.m in Sources */,
				708248FA2078B3D7000D60A3 /* UIButton+Extension.m in Sources */,
				708248F72078AFAF000D60A3 /* ImgCollectionViewCell.m in Sources */,
				708248CD206A94C8000D60A3 /* NSBundle+HXWeiboPhotoPicker.m in Sources */,
				70B3080D20E27D6100FFF131 /* PhotoCutModel.m in Sources */,
				939F2711213FCE9000718374 /* SwipeEdgeInteractionController.m in Sources */,
				9338E55220A57A760059D58E /* PhotoPreviewCell.m in Sources */,
				708248BE206A9103000D60A3 /* HXPhotoModel.m in Sources */,
				707DBA7A209EC4BF00F2FAFB /* SharePictureViewController.m in Sources */,
				939F2703213FAD4B00718374 /* BaseNavigationController.m in Sources */,
				703FDEB4212C5FE1006218D0 /* UIColor+CustomColor.m in Sources */,
				70D24BBD207FA9CA003430BA /* UINavigationBar+Color.m in Sources */,
				70925B5C213578A800AE9373 /* AssetCollectionCell.m in Sources */,
				708248D8206A9884000D60A3 /* UIImage+HXExtension.m in Sources */,
				939F270E213FBF6600718374 /* CustomTransitionPushSimilarHepler.m in Sources */,
				937F74332084879800F56AFD /* HXPhotoManager.m in Sources */,
				708249002078E510000D60A3 /* PhotoEditButtomView.m in Sources */,
				9399E82020D23D5400791E92 /* ToastView.m in Sources */,
				703FDEB82132E3CB006218D0 /* AssetTitleButton.m in Sources */,
				9338E54F20A577A10059D58E /* PhotoPreviewController.m in Sources */,
				70C262FC207A72EF00F65EFD /* AHAssetGroupCell.m in Sources */,
				707DBA7F209ED61100F2FAFB /* PhotoSaveBottomView.m in Sources */,
				708248D5206A959D000D60A3 /* HXPhotoConfiguration.m in Sources */,
				70C5D18B207926A400FE5B9A /* AssetTitleView.m in Sources */,
				936FAC3920200B9A00F80BCF /* main.m in Sources */,
				936FAC2B20200B9A00F80BCF /* AppDelegate.m in Sources */,
				702C5FC020D15DF100AA8CA5 /* XDProgressView.m in Sources */,
				708811072099FDE1003A1CF4 /* CombinePicture.mm in Sources */,
				7042145F21344D100005AB2F /* UIViewController+Extensions.m in Sources */,
				708248C4206A9153000D60A3 /* HXPhotoTools.m in Sources */,
				700E325520A1E464007A23E0 /* WeiboTableViewCell.m in Sources */,
				7042145B21343F7B0005AB2F /* AssetTableViewCell.m in Sources */,
				707DBA88209EDBAC00F2FAFB /* AboutViewController.m in Sources */,
				7060808220BEF56A0045F49E /* HXPhoto3DTouchViewController.m in Sources */,
				708248FD2078BD4C000D60A3 /* UIImageView+HXExtension.m in Sources */,
				70C262FB207A72EF00F65EFD /* AHAssetGroupsView.m in Sources */,
				7042146121344FD10005AB2F /* ViewControllerExtensions.swift in Sources */,
				939F2709213FBB2E00718374 /* BaseViewController.m in Sources */,
				708248C7206A9182000D60A3 /* NSDate+HXExtension.m in Sources */,
			);
			runOnlyForDeploymentPostprocessing = 0;
		};
		936FAC3A20200B9A00F80BCF /* Sources */ = {
			isa = PBXSourcesBuildPhase;
			buildActionMask = 2147483647;
			files = (
				936FAC4320200B9A00F80BCF /* PictureStudioTests.m in Sources */,
			);
			runOnlyForDeploymentPostprocessing = 0;
		};
/* End PBXSourcesBuildPhase section */

/* Begin PBXTargetDependency section */
		936FAC4020200B9A00F80BCF /* PBXTargetDependency */ = {
			isa = PBXTargetDependency;
			target = 936FAC2520200B9A00F80BCF /* PictureStudio */;
			targetProxy = 936FAC3F20200B9A00F80BCF /* PBXContainerItemProxy */;
		};
/* End PBXTargetDependency section */

/* Begin PBXVariantGroup section */
		936FAC2F20200B9A00F80BCF /* Main.storyboard */ = {
			isa = PBXVariantGroup;
			children = (
				936FAC3020200B9A00F80BCF /* Base */,
			);
			name = Main.storyboard;
			sourceTree = "<group>";
		};
		936FAC3420200B9A00F80BCF /* LaunchScreen.storyboard */ = {
			isa = PBXVariantGroup;
			children = (
				936FAC3520200B9A00F80BCF /* Base */,
			);
			name = LaunchScreen.storyboard;
			sourceTree = "<group>";
		};
		9389461420B7E3DC00BC62DA /* InfoPlist.strings */ = {
			isa = PBXVariantGroup;
			children = (
				9389461320B7E3DC00BC62DA /* en */,
				9389461520B7E42600BC62DA /* zh-Hans */,
			);
			name = InfoPlist.strings;
			sourceTree = "<group>";
		};
		9389461A20B7E4BB00BC62DA /* Localizable.strings */ = {
			isa = PBXVariantGroup;
			children = (
				9389461920B7E4BB00BC62DA /* en */,
				9389461B20B7E4BF00BC62DA /* zh-Hans */,
			);
			name = Localizable.strings;
			sourceTree = "<group>";
		};
/* End PBXVariantGroup section */

/* Begin XCBuildConfiguration section */
		936FAC4520200B9A00F80BCF /* Debug */ = {
			isa = XCBuildConfiguration;
			buildSettings = {
				ALWAYS_SEARCH_USER_PATHS = NO;
				CLANG_ANALYZER_LOCALIZABILITY_NONLOCALIZED = YES;
				CLANG_ANALYZER_NONNULL = YES;
				CLANG_ANALYZER_NUMBER_OBJECT_CONVERSION = YES_AGGRESSIVE;
				CLANG_CXX_LANGUAGE_STANDARD = "gnu++14";
				CLANG_CXX_LIBRARY = "libc++";
				CLANG_ENABLE_MODULES = YES;
				CLANG_ENABLE_OBJC_ARC = YES;
				CLANG_WARN_BLOCK_CAPTURE_AUTORELEASING = YES;
				CLANG_WARN_BOOL_CONVERSION = YES;
				CLANG_WARN_COMMA = YES;
				CLANG_WARN_CONSTANT_CONVERSION = YES;
				CLANG_WARN_DIRECT_OBJC_ISA_USAGE = YES_ERROR;
				CLANG_WARN_DOCUMENTATION_COMMENTS = YES;
				CLANG_WARN_EMPTY_BODY = YES;
				CLANG_WARN_ENUM_CONVERSION = YES;
				CLANG_WARN_INFINITE_RECURSION = YES;
				CLANG_WARN_INT_CONVERSION = YES;
				CLANG_WARN_NON_LITERAL_NULL_CONVERSION = YES;
				CLANG_WARN_OBJC_LITERAL_CONVERSION = YES;
				CLANG_WARN_OBJC_ROOT_CLASS = YES_ERROR;
				CLANG_WARN_RANGE_LOOP_ANALYSIS = YES;
				CLANG_WARN_STRICT_PROTOTYPES = YES;
				CLANG_WARN_SUSPICIOUS_MOVE = YES;
				CLANG_WARN_UNGUARDED_AVAILABILITY = YES_AGGRESSIVE;
				CLANG_WARN_UNREACHABLE_CODE = YES;
				CLANG_WARN__DUPLICATE_METHOD_MATCH = YES;
				CODE_SIGN_IDENTITY = "iPhone Developer";
				COPY_PHASE_STRIP = NO;
				DEBUG_INFORMATION_FORMAT = dwarf;
				ENABLE_STRICT_OBJC_MSGSEND = YES;
				ENABLE_TESTABILITY = YES;
				GCC_C_LANGUAGE_STANDARD = gnu11;
				GCC_DYNAMIC_NO_PIC = NO;
				GCC_NO_COMMON_BLOCKS = YES;
				GCC_OPTIMIZATION_LEVEL = 0;
				GCC_PREPROCESSOR_DEFINITIONS = (
					"DEBUG=1",
					"$(inherited)",
				);
				GCC_WARN_64_TO_32_BIT_CONVERSION = YES;
				GCC_WARN_ABOUT_RETURN_TYPE = YES_ERROR;
				GCC_WARN_UNDECLARED_SELECTOR = YES;
				GCC_WARN_UNINITIALIZED_AUTOS = YES_AGGRESSIVE;
				GCC_WARN_UNUSED_FUNCTION = YES;
				GCC_WARN_UNUSED_VARIABLE = YES;
				IPHONEOS_DEPLOYMENT_TARGET = 11.2;
				MTL_ENABLE_DEBUG_INFO = YES;
				ONLY_ACTIVE_ARCH = YES;
				SDKROOT = iphoneos;
			};
			name = Debug;
		};
		936FAC4620200B9A00F80BCF /* Release */ = {
			isa = XCBuildConfiguration;
			buildSettings = {
				ALWAYS_SEARCH_USER_PATHS = NO;
				CLANG_ANALYZER_LOCALIZABILITY_NONLOCALIZED = YES;
				CLANG_ANALYZER_NONNULL = YES;
				CLANG_ANALYZER_NUMBER_OBJECT_CONVERSION = YES_AGGRESSIVE;
				CLANG_CXX_LANGUAGE_STANDARD = "gnu++14";
				CLANG_CXX_LIBRARY = "libc++";
				CLANG_ENABLE_MODULES = YES;
				CLANG_ENABLE_OBJC_ARC = YES;
				CLANG_WARN_BLOCK_CAPTURE_AUTORELEASING = YES;
				CLANG_WARN_BOOL_CONVERSION = YES;
				CLANG_WARN_COMMA = YES;
				CLANG_WARN_CONSTANT_CONVERSION = YES;
				CLANG_WARN_DIRECT_OBJC_ISA_USAGE = YES_ERROR;
				CLANG_WARN_DOCUMENTATION_COMMENTS = YES;
				CLANG_WARN_EMPTY_BODY = YES;
				CLANG_WARN_ENUM_CONVERSION = YES;
				CLANG_WARN_INFINITE_RECURSION = YES;
				CLANG_WARN_INT_CONVERSION = YES;
				CLANG_WARN_NON_LITERAL_NULL_CONVERSION = YES;
				CLANG_WARN_OBJC_LITERAL_CONVERSION = YES;
				CLANG_WARN_OBJC_ROOT_CLASS = YES_ERROR;
				CLANG_WARN_RANGE_LOOP_ANALYSIS = YES;
				CLANG_WARN_STRICT_PROTOTYPES = YES;
				CLANG_WARN_SUSPICIOUS_MOVE = YES;
				CLANG_WARN_UNGUARDED_AVAILABILITY = YES_AGGRESSIVE;
				CLANG_WARN_UNREACHABLE_CODE = YES;
				CLANG_WARN__DUPLICATE_METHOD_MATCH = YES;
				CODE_SIGN_IDENTITY = "iPhone Developer";
				COPY_PHASE_STRIP = NO;
				DEBUG_INFORMATION_FORMAT = "dwarf-with-dsym";
				ENABLE_NS_ASSERTIONS = NO;
				ENABLE_STRICT_OBJC_MSGSEND = YES;
				GCC_C_LANGUAGE_STANDARD = gnu11;
				GCC_NO_COMMON_BLOCKS = YES;
				GCC_WARN_64_TO_32_BIT_CONVERSION = YES;
				GCC_WARN_ABOUT_RETURN_TYPE = YES_ERROR;
				GCC_WARN_UNDECLARED_SELECTOR = YES;
				GCC_WARN_UNINITIALIZED_AUTOS = YES_AGGRESSIVE;
				GCC_WARN_UNUSED_FUNCTION = YES;
				GCC_WARN_UNUSED_VARIABLE = YES;
				IPHONEOS_DEPLOYMENT_TARGET = 11.2;
				MTL_ENABLE_DEBUG_INFO = NO;
				SDKROOT = iphoneos;
				VALIDATE_PRODUCT = YES;
			};
			name = Release;
		};
		936FAC4820200B9A00F80BCF /* Debug */ = {
			isa = XCBuildConfiguration;
			baseConfigurationReference = AAE5E6A04762F2F9333FC11A /* Pods-PictureStudio.debug.xcconfig */;
			buildSettings = {
				ASSETCATALOG_COMPILER_APPICON_NAME = AppIcon;
				CLANG_ENABLE_MODULES = YES;
				CLANG_WARN__ARC_BRIDGE_CAST_NONARC = YES;
				CODE_SIGN_IDENTITY = "iPhone Developer";
				CODE_SIGN_STYLE = Automatic;
				DEVELOPMENT_TEAM = LW67YFH2F2;
				FRAMEWORK_SEARCH_PATHS = (
					"$(inherited)",
					"$(PROJECT_DIR)/PictureStudio",
					"$(PROJECT_DIR)",
				);
				GCC_PRECOMPILE_PREFIX_HEADER = YES;
				GCC_PREFIX_HEADER = "PictureStudio/PrefixHeader-PictureStudio.pch";
				INFOPLIST_FILE = PictureStudio/Info.plist;
				IPHONEOS_DEPLOYMENT_TARGET = 9.0;
				LD_RUNPATH_SEARCH_PATHS = "$(inherited) @executable_path/Frameworks";
				LIBRARY_SEARCH_PATHS = (
					"$(inherited)",
					"$(PROJECT_DIR)/PictureStudio",
				);
				PRODUCT_BUNDLE_IDENTIFIER = com.libowang.shote;
				PRODUCT_NAME = "$(TARGET_NAME)";
				PROVISIONING_PROFILE_SPECIFIER = "";
				SWIFT_OBJC_BRIDGING_HEADER = PictureStudio/PictureStudio_Bridging_Header.h;
				SWIFT_OPTIMIZATION_LEVEL = "-Onone";
				SWIFT_VERSION = 3.0;
				TARGETED_DEVICE_FAMILY = 1;
			};
			name = Debug;
		};
		936FAC4920200B9A00F80BCF /* Release */ = {
			isa = XCBuildConfiguration;
			baseConfigurationReference = E2D41101F59DA7FA2FD3FB6F /* Pods-PictureStudio.release.xcconfig */;
			buildSettings = {
				ASSETCATALOG_COMPILER_APPICON_NAME = AppIcon;
				CLANG_ENABLE_MODULES = YES;
				CLANG_WARN__ARC_BRIDGE_CAST_NONARC = YES;
				CODE_SIGN_IDENTITY = "iPhone Developer";
				CODE_SIGN_STYLE = Automatic;
				DEVELOPMENT_TEAM = LW67YFH2F2;
				FRAMEWORK_SEARCH_PATHS = (
					"$(inherited)",
					"$(PROJECT_DIR)/PictureStudio",
					"$(PROJECT_DIR)",
				);
				GCC_PRECOMPILE_PREFIX_HEADER = YES;
				GCC_PREFIX_HEADER = "PictureStudio/PrefixHeader-PictureStudio.pch";
				INFOPLIST_FILE = PictureStudio/Info.plist;
				IPHONEOS_DEPLOYMENT_TARGET = 9.0;
				LD_RUNPATH_SEARCH_PATHS = "$(inherited) @executable_path/Frameworks";
				LIBRARY_SEARCH_PATHS = (
					"$(inherited)",
					"$(PROJECT_DIR)/PictureStudio",
				);
				PRODUCT_BUNDLE_IDENTIFIER = com.libowang.shote;
				PRODUCT_NAME = "$(TARGET_NAME)";
				PROVISIONING_PROFILE_SPECIFIER = "";
				SWIFT_OBJC_BRIDGING_HEADER = PictureStudio/PictureStudio_Bridging_Header.h;
				SWIFT_VERSION = 3.0;
				TARGETED_DEVICE_FAMILY = 1;
			};
			name = Release;
		};
		936FAC4B20200B9A00F80BCF /* Debug */ = {
			isa = XCBuildConfiguration;
			baseConfigurationReference = 68AFF48AE0E9AFCEE83E38DA /* Pods-PictureStudioTests.debug.xcconfig */;
			buildSettings = {
				ALWAYS_EMBED_SWIFT_STANDARD_LIBRARIES = YES;
				BUNDLE_LOADER = "$(TEST_HOST)";
				CODE_SIGN_STYLE = Automatic;
				DEVELOPMENT_TEAM = BHD34642BX;
				INFOPLIST_FILE = PictureStudioTests/Info.plist;
				LD_RUNPATH_SEARCH_PATHS = "$(inherited) @executable_path/Frameworks @loader_path/Frameworks";
				PRODUCT_BUNDLE_IDENTIFIER = com.aaron.PictureStudioTests;
				PRODUCT_NAME = "$(TARGET_NAME)";
				TARGETED_DEVICE_FAMILY = "1,2";
				TEST_HOST = "$(BUILT_PRODUCTS_DIR)/PictureStudio.app/PictureStudio";
			};
			name = Debug;
		};
		936FAC4C20200B9A00F80BCF /* Release */ = {
			isa = XCBuildConfiguration;
			baseConfigurationReference = C1CA1C5684A7B142E0E5A154 /* Pods-PictureStudioTests.release.xcconfig */;
			buildSettings = {
				ALWAYS_EMBED_SWIFT_STANDARD_LIBRARIES = YES;
				BUNDLE_LOADER = "$(TEST_HOST)";
				CODE_SIGN_STYLE = Automatic;
				DEVELOPMENT_TEAM = BHD34642BX;
				INFOPLIST_FILE = PictureStudioTests/Info.plist;
				LD_RUNPATH_SEARCH_PATHS = "$(inherited) @executable_path/Frameworks @loader_path/Frameworks";
				PRODUCT_BUNDLE_IDENTIFIER = com.aaron.PictureStudioTests;
				PRODUCT_NAME = "$(TARGET_NAME)";
				TARGETED_DEVICE_FAMILY = "1,2";
				TEST_HOST = "$(BUILT_PRODUCTS_DIR)/PictureStudio.app/PictureStudio";
			};
			name = Release;
		};
/* End XCBuildConfiguration section */

/* Begin XCConfigurationList section */
		936FAC2120200B9A00F80BCF /* Build configuration list for PBXProject "PictureStudio" */ = {
			isa = XCConfigurationList;
			buildConfigurations = (
				936FAC4520200B9A00F80BCF /* Debug */,
				936FAC4620200B9A00F80BCF /* Release */,
			);
			defaultConfigurationIsVisible = 0;
			defaultConfigurationName = Release;
		};
		936FAC4720200B9A00F80BCF /* Build configuration list for PBXNativeTarget "PictureStudio" */ = {
			isa = XCConfigurationList;
			buildConfigurations = (
				936FAC4820200B9A00F80BCF /* Debug */,
				936FAC4920200B9A00F80BCF /* Release */,
			);
			defaultConfigurationIsVisible = 0;
			defaultConfigurationName = Release;
		};
		936FAC4A20200B9A00F80BCF /* Build configuration list for PBXNativeTarget "PictureStudioTests" */ = {
			isa = XCConfigurationList;
			buildConfigurations = (
				936FAC4B20200B9A00F80BCF /* Debug */,
				936FAC4C20200B9A00F80BCF /* Release */,
			);
			defaultConfigurationIsVisible = 0;
			defaultConfigurationName = Release;
		};
/* End XCConfigurationList section */
	};
	rootObject = 936FAC1E20200B9A00F80BCF /* Project object */;
}
